{
  "version": 4,
  "terraform_version": "1.7.4",
  "serial": 60,
  "lineage": "699570c3-d678-a32a-7203-4d90b98e98cd",
  "outputs": {
    "ssh_private_key": {
      "value": "-----BEGIN OPENSSH PRIVATE KEY-----\nb3BlbnNzaC1rZXktdjEAAAAABG5vbmUAAAAEbm9uZQAAAAAAAAABAAACFwAAAAdz\nc2gtcnNhAAAAAwEAAQAAAgEA2eCZozNnfR/Kabwrzv8hkXsidYQVmvnMrHlKu9dy\nWHG5Mt4aeKKoS2POUpr3dReY40xupETDi7mcMbeFC6y6Censi3c1YSnptMSMowtz\nic0ujR84eXkN2CfgwGHUhE681gKSyeiFrv72r1QqYGKd+W1CdGgNHqI2O2TkbHU7\nmpouXGHX6Hhuq+WWf1MKoBCuYVbx0BAaRu94oMzK81S/bzpJ0LuEKQ/jBrOvcu3/\nJG48/D20MpJZYrZIRilmB08N2rqyIcJNyh6X7sc9Zzgg94k6DKjdpYASyeLHsPg6\nYsMXMycArJ9B1VJd9ceKDPGMulxgnxOhY0mRg1tf5kPQ/omq/qRA9KSfDy15w4CX\n55YngEeaPjOzQdkn35SG1wNUpzfyPjyz5bJk4ZHojrkjDLm8gdbOcscsFkIyHOlj\n48uv81egE+v5n3Fsv6mPy8UBunqgb+Q0AbKhAsfq9R2mZYf2nhRuO83Y3ArhGnkc\nRegc97KV+gyics30PI4A8VyEBkol47NSeCibvIvR6JHxJ/ctFauRYpGhWYgbr3FM\nRfoWUzlmtHqhDhu2H+uqdYyo6mDkQe60p02RZh7S98W7r+mnyp6aOm5HEnoMUUyL\nv76g73wE5+TSEm1jsFAxufA+mHyoFKFV7U7wKaYk5MvnN4UCAueqo5ddmf2eYl7/\nmVcAAAc4y5iFDsuYhQ4AAAAHc3NoLXJzYQAAAgEA2eCZozNnfR/Kabwrzv8hkXsi\ndYQVmvnMrHlKu9dyWHG5Mt4aeKKoS2POUpr3dReY40xupETDi7mcMbeFC6y6Cens\ni3c1YSnptMSMowtzic0ujR84eXkN2CfgwGHUhE681gKSyeiFrv72r1QqYGKd+W1C\ndGgNHqI2O2TkbHU7mpouXGHX6Hhuq+WWf1MKoBCuYVbx0BAaRu94oMzK81S/bzpJ\n0LuEKQ/jBrOvcu3/JG48/D20MpJZYrZIRilmB08N2rqyIcJNyh6X7sc9Zzgg94k6\nDKjdpYASyeLHsPg6YsMXMycArJ9B1VJd9ceKDPGMulxgnxOhY0mRg1tf5kPQ/omq\n/qRA9KSfDy15w4CX55YngEeaPjOzQdkn35SG1wNUpzfyPjyz5bJk4ZHojrkjDLm8\ngdbOcscsFkIyHOlj48uv81egE+v5n3Fsv6mPy8UBunqgb+Q0AbKhAsfq9R2mZYf2\nnhRuO83Y3ArhGnkcRegc97KV+gyics30PI4A8VyEBkol47NSeCibvIvR6JHxJ/ct\nFauRYpGhWYgbr3FMRfoWUzlmtHqhDhu2H+uqdYyo6mDkQe60p02RZh7S98W7r+mn\nyp6aOm5HEnoMUUyLv76g73wE5+TSEm1jsFAxufA+mHyoFKFV7U7wKaYk5MvnN4UC\nAueqo5ddmf2eYl7/mVcAAAADAQABAAACAHGDzGg0IwoU4x+9s1FwqaujbOuvOpZ4\n6YM+2ooNkPy1m5j+EOqjTG2i/V8acC0oczaRnt+lGACXXuKkTAQuJOt/Xge3vy71\naFcPRHq6P6MfLM7H4mOfh3AELtvs3I1mfIo/4vyhUe0/14S3pDB9kPLgUwxVHejE\n+N5vDXfYiIpfJCJrs9Lh1D9pKcUCnfmRV1lNtEUD7rzgjYexy1eF4wtvYgAHgq7m\nIRFf0txdVV5EtS9yco0apMmCURuE/Cx4qq44MRDXrDHPSLdWRQ6fNsXhUEZCQOC2\nXpOivQnd+oV0QYUcIATQILuk42FnaeyeeQSrloeq8Z3KOa8nj0poMN1Glf7HQ/4v\nI6gGJdolowKxpxoqIgI82H06EP52Ujpguvu8ieJAhdcooTpLbLVm4I7iG5Og/ZWL\nItQO/InP42mdOn7qnDk4OrD/zg5k+GE0svMmHKNu6+FcvcimwCE10mxmuEj6po+T\n4kJsSlpqdxTL4h4XK8x4A/Ef/kMje2E/49Ntj5GePyNBT39iknB+P18P6xGR9lfH\nggF54Sv9uZH38SSaRggI0wtx40AX1acO8aSCmoW65FRYT1+OktXUIw/qfISix1i4\nKLvrc/vSiDtNKNzZL2frn/z7TBdpCQVKppn1eFYwwQHMl43JOf5ZWIIfxJLVEmpa\nKuXBQ3xXJZkxAAABAQDsWHdIO+H32hNGBXk7I6Hr8839Ewahjj2NHZKQIn0/M209\nMvYWAS1Pm1PFjg4G11uPJTHqra5ALIahg7fhveID/u1WcwAm5NbI0FQ/DC9Bna6H\nQa3Ga7QUtXY5teMRKUH59GHNIci/sGaH4ORYE/BL5SX7RhBg1ZlMBnPTe7g1ObcQ\n4k/4yGaWJvM2ffnyS5iq7x0D6PpJ8z1qW7uj7A2veMUAIF/wENA7tzNqxIoejYnn\njI4CqnM9ly9m8R9VWlvsavp6oHipCMFXVl/lKhFuyBxomNvvqWQvPQs1eH10L51r\nax2JA9CMI9c1aUzzLE3gktW5TAKZPNzHA+SwgGuEAAABAQD6bxP7PSSQCoUddL0g\navaW/EsXprTQEN+W+EJm9aloYd5W3KVLlovOpmAWByhf3Gx54YC9YJyxhjnNPKfi\nsP06jokNeaNz3x/BmYcsSyDxf69K2YY1AIuBUe+RdCXo2AYcXbS3yVpTa7jIIDbP\nUqZ5o1igDS3sDrx/TWERaw+ecGtbGzBWZ1GnDsDpEvOVZ3Kh2Rb5FSWFDyF35i7h\nfQu452+HewcU5Qj1hYsk+f+WixqE98tai0gbljCX1J8WMpQjrUHmQIkkCmvpd9sw\nX+04diGZe7zfFk/5pKM2rmAKINFclZTABrqFd8Fj/HY8hhbaFDUFrGE8h8mf4KiE\ns76/AAABAQDeuEgJ8YfbSTgFA6pokGKKXDhKG8uOH9SVMiqo5vsnwzW+4FwVBOlw\nhUkyHPfenjw+XhdqOjKJnY9enpX5ZY2mZmIOgcoVJyrwhw19x53ABV61JofzelNJ\nkcqzdohEEPDY1lr2qtjWfRMydpWb2JuytbxsNkiExQlm3ZhdMJfrsqsgFSK/C/4w\nYLhpxjLymOsWd/bFre0JnmjyjUDP022s+wDKGFhB8OuGAHZ2nlrzfp2OkodoSy0Q\nBR8nxezZqhyfuyCX7nuicNy5j8fpJKneu7Mcd3No8LHGk9K5QfxuSRvDaMKVie3d\ntfVYy1q4JN/q8b5ORt5jGl7/CBxsneNpAAAAAAEC\n-----END OPENSSH PRIVATE KEY-----\n",
      "type": "string",
      "sensitive": true
    }
  },
  "resources": [
    {
      "mode": "data",
      "type": "azurerm_image",
      "name": "packer_image",
      "provider": "provider[\"registry.terraform.io/hashicorp/azurerm\"]",
      "instances": [
        {
          "schema_version": 0,
          "attributes": {
            "data_disk": [],
            "id": "/subscriptions/bb07494f-11d6-4bb1-9f3c-10e0408e757b/resourceGroups/udacity-devops/providers/Microsoft.Compute/images/packer-images",
            "location": "eastus",
            "name": "packer-images",
            "name_regex": null,
            "os_disk": [
              {
                "blob_uri": "",
                "caching": "ReadWrite",
                "managed_disk_id": "/subscriptions/bb07494f-11d6-4bb1-9f3c-10e0408e757b/resourceGroups/pkr-Resource-Group-2quygj15na/providers/Microsoft.Compute/disks/pkros2quygj15na",
                "os_state": "Generalized",
                "os_type": "Linux",
                "size_gb": 30
              }
            ],
            "resource_group_name": "udacity-devops",
            "sort_descending": false,
            "tags": {
              "dept": "Engineering",
              "task": "Image deployment"
            },
            "timeouts": null,
            "zone_resilient": false
          },
          "sensitive_attributes": []
        }
      ]
    },
    {
      "mode": "data",
      "type": "azurerm_resource_group",
      "name": "main",
      "provider": "provider[\"registry.terraform.io/hashicorp/azurerm\"]",
      "instances": [
        {
          "schema_version": 0,
          "attributes": {
            "id": "/subscriptions/bb07494f-11d6-4bb1-9f3c-10e0408e757b/resourceGroups/udacity-devops",
            "location": "eastus",
            "managed_by": "",
            "name": "udacity-devops",
            "tags": {},
            "timeouts": null
          },
          "sensitive_attributes": []
        }
      ]
    },
    {
      "mode": "managed",
      "type": "azurerm_availability_set",
      "name": "vmas",
      "provider": "provider[\"registry.terraform.io/hashicorp/azurerm\"]",
      "instances": [
        {
          "schema_version": 0,
          "attributes": {
            "id": "/subscriptions/bb07494f-11d6-4bb1-9f3c-10e0408e757b/resourceGroups/udacity-devops/providers/Microsoft.Compute/availabilitySets/udacity-devops-vmas",
            "location": "eastus",
            "managed": true,
            "name": "udacity-devops-vmas",
            "platform_fault_domain_count": 3,
            "platform_update_domain_count": 5,
            "proximity_placement_group_id": null,
            "resource_group_name": "udacity-devops",
            "tags": {
              "userTaggedValue": "udacity"
            },
            "timeouts": null
          },
          "sensitive_attributes": [],
          "private": "eyJlMmJmYjczMC1lY2FhLTExZTYtOGY4OC0zNDM2M2JjN2M0YzAiOnsiY3JlYXRlIjoxODAwMDAwMDAwMDAwLCJkZWxldGUiOjE4MDAwMDAwMDAwMDAsInJlYWQiOjMwMDAwMDAwMDAwMCwidXBkYXRlIjoxODAwMDAwMDAwMDAwfX0=",
          "dependencies": [
            "data.azurerm_resource_group.main"
          ]
        }
      ]
    },
    {
      "mode": "managed",
      "type": "azurerm_lb",
      "name": "project_lb",
      "provider": "provider[\"registry.terraform.io/hashicorp/azurerm\"]",
      "instances": [
        {
          "schema_version": 0,
          "attributes": {
            "edge_zone": "",
            "frontend_ip_configuration": [
              {
                "gateway_load_balancer_frontend_ip_configuration_id": "",
                "id": "/subscriptions/bb07494f-11d6-4bb1-9f3c-10e0408e757b/resourceGroups/udacity-devops/providers/Microsoft.Network/loadBalancers/udacity-devops-lb/frontendIPConfigurations/PublicIpAddress",
                "inbound_nat_rules": [],
                "load_balancer_rules": [],
                "name": "PublicIpAddress",
                "outbound_rules": [],
                "private_ip_address": "",
                "private_ip_address_allocation": "Dynamic",
                "private_ip_address_version": "",
                "public_ip_address_id": "/subscriptions/bb07494f-11d6-4bb1-9f3c-10e0408e757b/resourceGroups/udacity-devops/providers/Microsoft.Network/publicIPAddresses/vmss-public-ip",
                "public_ip_prefix_id": "",
                "subnet_id": "",
                "zones": null
              }
            ],
            "id": "/subscriptions/bb07494f-11d6-4bb1-9f3c-10e0408e757b/resourceGroups/udacity-devops/providers/Microsoft.Network/loadBalancers/udacity-devops-lb",
            "location": "eastus",
            "name": "udacity-devops-lb",
            "private_ip_address": "",
            "private_ip_addresses": [],
            "resource_group_name": "udacity-devops",
            "sku": "Basic",
            "sku_tier": "Regional",
            "tags": {
              "userTaggedValue": "udacity"
            },
            "timeouts": null
          },
          "sensitive_attributes": [],
          "private": "eyJlMmJmYjczMC1lY2FhLTExZTYtOGY4OC0zNDM2M2JjN2M0YzAiOnsiY3JlYXRlIjoxODAwMDAwMDAwMDAwLCJkZWxldGUiOjE4MDAwMDAwMDAwMDAsInJlYWQiOjMwMDAwMDAwMDAwMCwidXBkYXRlIjoxODAwMDAwMDAwMDAwfX0=",
          "dependencies": [
            "azurerm_public_ip.public_ip",
            "data.azurerm_resource_group.main"
          ]
        }
      ]
    },
    {
      "mode": "managed",
      "type": "azurerm_lb_backend_address_pool",
      "name": "bpaddresspool",
      "provider": "provider[\"registry.terraform.io/hashicorp/azurerm\"]",
      "instances": [
        {
          "schema_version": 0,
          "attributes": {
            "backend_ip_configurations": [],
            "id": "/subscriptions/bb07494f-11d6-4bb1-9f3c-10e0408e757b/resourceGroups/udacity-devops/providers/Microsoft.Network/loadBalancers/udacity-devops-lb/backendAddressPools/udacity-devops-bpapool",
            "inbound_nat_rules": [],
            "load_balancing_rules": [],
            "loadbalancer_id": "/subscriptions/bb07494f-11d6-4bb1-9f3c-10e0408e757b/resourceGroups/udacity-devops/providers/Microsoft.Network/loadBalancers/udacity-devops-lb",
            "name": "udacity-devops-bpapool",
            "outbound_rules": [],
            "timeouts": null,
            "tunnel_interface": [],
            "virtual_network_id": ""
          },
          "sensitive_attributes": [],
          "private": "eyJlMmJmYjczMC1lY2FhLTExZTYtOGY4OC0zNDM2M2JjN2M0YzAiOnsiY3JlYXRlIjoxODAwMDAwMDAwMDAwLCJkZWxldGUiOjE4MDAwMDAwMDAwMDAsInJlYWQiOjMwMDAwMDAwMDAwMCwidXBkYXRlIjoxODAwMDAwMDAwMDAwfX0=",
          "dependencies": [
            "azurerm_lb.project_lb",
            "azurerm_public_ip.public_ip",
            "data.azurerm_resource_group.main"
          ]
        }
      ]
    },
    {
      "mode": "managed",
      "type": "azurerm_lb_probe",
      "name": "vmss_probee",
      "provider": "provider[\"registry.terraform.io/hashicorp/azurerm\"]",
      "instances": [
        {
          "schema_version": 0,
          "attributes": {
            "id": "/subscriptions/bb07494f-11d6-4bb1-9f3c-10e0408e757b/resourceGroups/udacity-devops/providers/Microsoft.Network/loadBalancers/udacity-devops-lb/probes/udacity-devops-probe",
            "interval_in_seconds": 15,
            "load_balancer_rules": [],
            "loadbalancer_id": "/subscriptions/bb07494f-11d6-4bb1-9f3c-10e0408e757b/resourceGroups/udacity-devops/providers/Microsoft.Network/loadBalancers/udacity-devops-lb",
            "name": "udacity-devops-probe",
            "number_of_probes": 2,
            "port": 80,
            "probe_threshold": 1,
            "protocol": "Tcp",
            "request_path": "",
            "timeouts": null
          },
          "sensitive_attributes": [],
          "private": "eyJlMmJmYjczMC1lY2FhLTExZTYtOGY4OC0zNDM2M2JjN2M0YzAiOnsiY3JlYXRlIjoxODAwMDAwMDAwMDAwLCJkZWxldGUiOjE4MDAwMDAwMDAwMDAsInJlYWQiOjMwMDAwMDAwMDAwMCwidXBkYXRlIjoxODAwMDAwMDAwMDAwfX0=",
          "dependencies": [
            "azurerm_lb.project_lb",
            "azurerm_public_ip.public_ip",
            "data.azurerm_resource_group.main"
          ]
        }
      ]
    },
    {
      "mode": "managed",
      "type": "azurerm_lb_rule",
      "name": "vmss_lb_rule",
      "provider": "provider[\"registry.terraform.io/hashicorp/azurerm\"]",
      "instances": [
        {
          "index_key": 0,
          "schema_version": 0,
          "attributes": {
            "backend_address_pool_ids": null,
            "backend_port": 5000,
            "disable_outbound_snat": false,
            "enable_floating_ip": false,
            "enable_tcp_reset": false,
            "frontend_ip_configuration_id": "/subscriptions/bb07494f-11d6-4bb1-9f3c-10e0408e757b/resourceGroups/udacity-devops/providers/Microsoft.Network/loadBalancers/udacity-devops-lb/frontendIPConfigurations/PublicIpAddress",
            "frontend_ip_configuration_name": "PublicIpAddress",
            "frontend_port": 80,
            "id": "/subscriptions/bb07494f-11d6-4bb1-9f3c-10e0408e757b/resourceGroups/udacity-devops/providers/Microsoft.Network/loadBalancers/udacity-devops-lb/loadBalancingRules/udacity-devops-lbrule-0",
            "idle_timeout_in_minutes": 4,
            "load_distribution": "Default",
            "loadbalancer_id": "/subscriptions/bb07494f-11d6-4bb1-9f3c-10e0408e757b/resourceGroups/udacity-devops/providers/Microsoft.Network/loadBalancers/udacity-devops-lb",
            "name": "udacity-devops-lbrule-0",
            "probe_id": "",
            "protocol": "Tcp",
            "timeouts": null
          },
          "sensitive_attributes": [],
          "private": "eyJlMmJmYjczMC1lY2FhLTExZTYtOGY4OC0zNDM2M2JjN2M0YzAiOnsiY3JlYXRlIjoxODAwMDAwMDAwMDAwLCJkZWxldGUiOjE4MDAwMDAwMDAwMDAsInJlYWQiOjMwMDAwMDAwMDAwMCwidXBkYXRlIjoxODAwMDAwMDAwMDAwfX0=",
          "dependencies": [
            "azurerm_lb.project_lb",
            "azurerm_public_ip.public_ip",
            "data.azurerm_resource_group.main"
          ]
        }
      ]
    },
    {
      "mode": "managed",
      "type": "azurerm_linux_virtual_machine",
      "name": "vmas_vm_instances",
      "provider": "provider[\"registry.terraform.io/hashicorp/azurerm\"]",
      "instances": [
        {
          "index_key": 0,
          "schema_version": 0,
          "attributes": {
            "additional_capabilities": [],
            "admin_password": null,
            "admin_ssh_key": [
              {
                "public_key": "ssh-rsa AAAAB3NzaC1yc2EAAAADAQABAAACAQDZ4JmjM2d9H8ppvCvO/yGReyJ1hBWa+cyseUq713JYcbky3hp4oqhLY85Smvd1F5jjTG6kRMOLuZwxt4ULrLoJ6eyLdzVhKem0xIyjC3OJzS6NHzh5eQ3YJ+DAYdSETrzWApLJ6IWu/vavVCpgYp35bUJ0aA0eojY7ZORsdTuami5cYdfoeG6r5ZZ/UwqgEK5hVvHQEBpG73igzMrzVL9vOknQu4QpD+MGs69y7f8kbjz8PbQykllitkhGKWYHTw3aurIhwk3KHpfuxz1nOCD3iToMqN2lgBLJ4sew+DpiwxczJwCsn0HVUl31x4oM8Yy6XGCfE6FjSZGDW1/mQ9D+iar+pED0pJ8PLXnDgJfnlieAR5o+M7NB2SfflIbXA1SnN/I+PLPlsmThkeiOuSMMubyB1s5yxywWQjIc6WPjy6/zV6AT6/mfcWy/qY/LxQG6eqBv5DQBsqECx+r1HaZlh/aeFG47zdjcCuEaeRxF6Bz3spX6DKJyzfQ8jgDxXIQGSiXjs1J4KJu8i9HokfEn9y0Vq5FikaFZiBuvcUxF+hZTOWa0eqEOG7Yf66p1jKjqYORB7rSnTZFmHtL3xbuv6afKnpo6bkcSegxRTIu/vqDvfATn5NISbWOwUDG58D6YfKgUoVXtTvAppiTky+c3hQIC56qjl12Z/Z5iXv+ZVw==\n",
                "username": "mirai"
              }
            ],
            "admin_username": "mirai",
            "allow_extension_operations": true,
            "availability_set_id": "/subscriptions/bb07494f-11d6-4bb1-9f3c-10e0408e757b/resourceGroups/udacity-devops/providers/Microsoft.Compute/availabilitySets/UDACITY-DEVOPS-VMAS",
            "boot_diagnostics": [],
            "bypass_platform_safety_checks_on_user_schedule_enabled": false,
            "capacity_reservation_group_id": "",
            "computer_name": "udacity-devops-vm-0",
            "custom_data": null,
            "dedicated_host_group_id": "",
            "dedicated_host_id": "",
            "disable_password_authentication": true,
            "disk_controller_type": "",
            "edge_zone": "",
            "encryption_at_host_enabled": false,
            "eviction_policy": "",
            "extensions_time_budget": "PT1H30M",
            "gallery_application": [],
            "id": "/subscriptions/bb07494f-11d6-4bb1-9f3c-10e0408e757b/resourceGroups/udacity-devops/providers/Microsoft.Compute/virtualMachines/udacity-devops-vm-0",
            "identity": [],
            "license_type": "",
            "location": "eastus",
            "max_bid_price": -1,
            "name": "udacity-devops-vm-0",
            "network_interface_ids": [
              "/subscriptions/bb07494f-11d6-4bb1-9f3c-10e0408e757b/resourceGroups/udacity-devops/providers/Microsoft.Network/networkInterfaces/udacity-devops-nic-0"
            ],
            "os_disk": [
              {
                "caching": "ReadWrite",
                "diff_disk_settings": [],
                "disk_encryption_set_id": "",
                "disk_size_gb": 30,
                "name": "udacity-devops-vm-0_disk1_1554611ceeb74a138f7c9532b4c79587",
                "secure_vm_disk_encryption_set_id": "",
                "security_encryption_type": "",
                "storage_account_type": "Standard_LRS",
                "write_accelerator_enabled": false
              }
            ],
            "os_image_notification": [],
            "patch_assessment_mode": "ImageDefault",
            "patch_mode": "ImageDefault",
            "plan": [],
            "platform_fault_domain": -1,
            "priority": "Regular",
            "private_ip_address": "10.0.2.5",
            "private_ip_addresses": [
              "10.0.2.5"
            ],
            "provision_vm_agent": true,
            "proximity_placement_group_id": "",
            "public_ip_address": "",
            "public_ip_addresses": [],
            "reboot_setting": "",
            "resource_group_name": "udacity-devops",
            "secret": [],
            "secure_boot_enabled": false,
            "size": "Standard_B2s",
            "source_image_id": "/subscriptions/bb07494f-11d6-4bb1-9f3c-10e0408e757b/resourceGroups/udacity-devops/providers/Microsoft.Compute/images/packer-images",
            "source_image_reference": [],
            "tags": {
              "userTaggedValue": "udacity"
            },
            "termination_notification": null,
            "timeouts": null,
            "user_data": "",
            "virtual_machine_id": "e7de859c-e5e0-4c32-96ff-fae5fc2e20e8",
            "virtual_machine_scale_set_id": "",
            "vm_agent_platform_updates_enabled": false,
            "vtpm_enabled": false,
            "zone": ""
          },
          "sensitive_attributes": [],
          "private": "eyJlMmJmYjczMC1lY2FhLTExZTYtOGY4OC0zNDM2M2JjN2M0YzAiOnsiY3JlYXRlIjoyNzAwMDAwMDAwMDAwLCJkZWxldGUiOjI3MDAwMDAwMDAwMDAsInJlYWQiOjMwMDAwMDAwMDAwMCwidXBkYXRlIjoyNzAwMDAwMDAwMDAwfX0=",
          "dependencies": [
            "azurerm_availability_set.vmas",
            "azurerm_network_interface.vmas_nic",
            "azurerm_subnet.internal",
            "azurerm_virtual_network.main",
            "data.azurerm_resource_group.main",
            "tls_private_key.vm_ssh"
          ]
        },
        {
          "index_key": 1,
          "schema_version": 0,
          "attributes": {
            "additional_capabilities": [],
            "admin_password": null,
            "admin_ssh_key": [
              {
                "public_key": "ssh-rsa AAAAB3NzaC1yc2EAAAADAQABAAACAQDZ4JmjM2d9H8ppvCvO/yGReyJ1hBWa+cyseUq713JYcbky3hp4oqhLY85Smvd1F5jjTG6kRMOLuZwxt4ULrLoJ6eyLdzVhKem0xIyjC3OJzS6NHzh5eQ3YJ+DAYdSETrzWApLJ6IWu/vavVCpgYp35bUJ0aA0eojY7ZORsdTuami5cYdfoeG6r5ZZ/UwqgEK5hVvHQEBpG73igzMrzVL9vOknQu4QpD+MGs69y7f8kbjz8PbQykllitkhGKWYHTw3aurIhwk3KHpfuxz1nOCD3iToMqN2lgBLJ4sew+DpiwxczJwCsn0HVUl31x4oM8Yy6XGCfE6FjSZGDW1/mQ9D+iar+pED0pJ8PLXnDgJfnlieAR5o+M7NB2SfflIbXA1SnN/I+PLPlsmThkeiOuSMMubyB1s5yxywWQjIc6WPjy6/zV6AT6/mfcWy/qY/LxQG6eqBv5DQBsqECx+r1HaZlh/aeFG47zdjcCuEaeRxF6Bz3spX6DKJyzfQ8jgDxXIQGSiXjs1J4KJu8i9HokfEn9y0Vq5FikaFZiBuvcUxF+hZTOWa0eqEOG7Yf66p1jKjqYORB7rSnTZFmHtL3xbuv6afKnpo6bkcSegxRTIu/vqDvfATn5NISbWOwUDG58D6YfKgUoVXtTvAppiTky+c3hQIC56qjl12Z/Z5iXv+ZVw==\n",
                "username": "mirai"
              }
            ],
            "admin_username": "mirai",
            "allow_extension_operations": true,
            "availability_set_id": "/subscriptions/bb07494f-11d6-4bb1-9f3c-10e0408e757b/resourceGroups/udacity-devops/providers/Microsoft.Compute/availabilitySets/UDACITY-DEVOPS-VMAS",
            "boot_diagnostics": [],
            "bypass_platform_safety_checks_on_user_schedule_enabled": false,
            "capacity_reservation_group_id": "",
            "computer_name": "udacity-devops-vm-1",
            "custom_data": null,
            "dedicated_host_group_id": "",
            "dedicated_host_id": "",
            "disable_password_authentication": true,
            "disk_controller_type": "",
            "edge_zone": "",
            "encryption_at_host_enabled": false,
            "eviction_policy": "",
            "extensions_time_budget": "PT1H30M",
            "gallery_application": [],
            "id": "/subscriptions/bb07494f-11d6-4bb1-9f3c-10e0408e757b/resourceGroups/udacity-devops/providers/Microsoft.Compute/virtualMachines/udacity-devops-vm-1",
            "identity": [],
            "license_type": "",
            "location": "eastus",
            "max_bid_price": -1,
            "name": "udacity-devops-vm-1",
            "network_interface_ids": [
              "/subscriptions/bb07494f-11d6-4bb1-9f3c-10e0408e757b/resourceGroups/udacity-devops/providers/Microsoft.Network/networkInterfaces/udacity-devops-nic-1"
            ],
            "os_disk": [
              {
                "caching": "ReadWrite",
                "diff_disk_settings": [],
                "disk_encryption_set_id": "",
                "disk_size_gb": 30,
                "name": "udacity-devops-vm-1_disk1_667be4c54f1d41d79d0d2843856b724d",
                "secure_vm_disk_encryption_set_id": "",
                "security_encryption_type": "",
                "storage_account_type": "Standard_LRS",
                "write_accelerator_enabled": false
              }
            ],
            "os_image_notification": [],
            "patch_assessment_mode": "ImageDefault",
            "patch_mode": "ImageDefault",
            "plan": [],
            "platform_fault_domain": -1,
            "priority": "Regular",
            "private_ip_address": "10.0.2.4",
            "private_ip_addresses": [
              "10.0.2.4"
            ],
            "provision_vm_agent": true,
            "proximity_placement_group_id": "",
            "public_ip_address": "",
            "public_ip_addresses": [],
            "reboot_setting": "",
            "resource_group_name": "udacity-devops",
            "secret": [],
            "secure_boot_enabled": false,
            "size": "Standard_B2s",
            "source_image_id": "/subscriptions/bb07494f-11d6-4bb1-9f3c-10e0408e757b/resourceGroups/udacity-devops/providers/Microsoft.Compute/images/packer-images",
            "source_image_reference": [],
            "tags": {
              "userTaggedValue": "udacity"
            },
            "termination_notification": null,
            "timeouts": null,
            "user_data": "",
            "virtual_machine_id": "6136170e-683e-4872-bb19-ef537d3e112a",
            "virtual_machine_scale_set_id": "",
            "vm_agent_platform_updates_enabled": false,
            "vtpm_enabled": false,
            "zone": ""
          },
          "sensitive_attributes": [],
          "private": "eyJlMmJmYjczMC1lY2FhLTExZTYtOGY4OC0zNDM2M2JjN2M0YzAiOnsiY3JlYXRlIjoyNzAwMDAwMDAwMDAwLCJkZWxldGUiOjI3MDAwMDAwMDAwMDAsInJlYWQiOjMwMDAwMDAwMDAwMCwidXBkYXRlIjoyNzAwMDAwMDAwMDAwfX0=",
          "dependencies": [
            "azurerm_availability_set.vmas",
            "azurerm_network_interface.vmas_nic",
            "azurerm_subnet.internal",
            "azurerm_virtual_network.main",
            "data.azurerm_resource_group.main",
            "tls_private_key.vm_ssh"
          ]
        }
      ]
    },
    {
      "mode": "managed",
      "type": "azurerm_network_interface",
      "name": "vmas_nic",
      "provider": "provider[\"registry.terraform.io/hashicorp/azurerm\"]",
      "instances": [
        {
          "index_key": 0,
          "schema_version": 0,
          "attributes": {
            "applied_dns_servers": [],
            "auxiliary_mode": "",
            "auxiliary_sku": "",
            "dns_servers": [],
            "edge_zone": "",
            "enable_accelerated_networking": false,
            "enable_ip_forwarding": false,
            "id": "/subscriptions/bb07494f-11d6-4bb1-9f3c-10e0408e757b/resourceGroups/udacity-devops/providers/Microsoft.Network/networkInterfaces/udacity-devops-nic-0",
            "internal_dns_name_label": "",
            "internal_domain_name_suffix": "h3ngyhvwn2pu3issxjvwksqrbb.bx.internal.cloudapp.net",
            "ip_configuration": [
              {
                "gateway_load_balancer_frontend_ip_configuration_id": "",
                "name": "vmas-nic",
                "primary": true,
                "private_ip_address": "10.0.2.5",
                "private_ip_address_allocation": "Dynamic",
                "private_ip_address_version": "IPv4",
                "public_ip_address_id": "",
                "subnet_id": "/subscriptions/bb07494f-11d6-4bb1-9f3c-10e0408e757b/resourceGroups/udacity-devops/providers/Microsoft.Network/virtualNetworks/udacity-devops-network/subnets/internal"
              }
            ],
            "location": "eastus",
            "mac_address": "",
            "name": "udacity-devops-nic-0",
            "private_ip_address": "10.0.2.5",
            "private_ip_addresses": [
              "10.0.2.5"
            ],
            "resource_group_name": "udacity-devops",
            "tags": {
              "userTaggedValue": "udacity"
            },
            "timeouts": null,
            "virtual_machine_id": ""
          },
          "sensitive_attributes": [],
          "private": "eyJlMmJmYjczMC1lY2FhLTExZTYtOGY4OC0zNDM2M2JjN2M0YzAiOnsiY3JlYXRlIjoxODAwMDAwMDAwMDAwLCJkZWxldGUiOjE4MDAwMDAwMDAwMDAsInJlYWQiOjMwMDAwMDAwMDAwMCwidXBkYXRlIjoxODAwMDAwMDAwMDAwfX0=",
          "dependencies": [
            "azurerm_subnet.internal",
            "azurerm_virtual_network.main",
            "data.azurerm_resource_group.main"
          ]
        },
        {
          "index_key": 1,
          "schema_version": 0,
          "attributes": {
            "applied_dns_servers": [],
            "auxiliary_mode": "",
            "auxiliary_sku": "",
            "dns_servers": [],
            "edge_zone": "",
            "enable_accelerated_networking": false,
            "enable_ip_forwarding": false,
            "id": "/subscriptions/bb07494f-11d6-4bb1-9f3c-10e0408e757b/resourceGroups/udacity-devops/providers/Microsoft.Network/networkInterfaces/udacity-devops-nic-1",
            "internal_dns_name_label": "",
            "internal_domain_name_suffix": "h3ngyhvwn2pu3issxjvwksqrbb.bx.internal.cloudapp.net",
            "ip_configuration": [
              {
                "gateway_load_balancer_frontend_ip_configuration_id": "",
                "name": "vmas-nic",
                "primary": true,
                "private_ip_address": "10.0.2.4",
                "private_ip_address_allocation": "Dynamic",
                "private_ip_address_version": "IPv4",
                "public_ip_address_id": "",
                "subnet_id": "/subscriptions/bb07494f-11d6-4bb1-9f3c-10e0408e757b/resourceGroups/udacity-devops/providers/Microsoft.Network/virtualNetworks/udacity-devops-network/subnets/internal"
              }
            ],
            "location": "eastus",
            "mac_address": "",
            "name": "udacity-devops-nic-1",
            "private_ip_address": "10.0.2.4",
            "private_ip_addresses": [
              "10.0.2.4"
            ],
            "resource_group_name": "udacity-devops",
            "tags": {
              "userTaggedValue": "udacity"
            },
            "timeouts": null,
            "virtual_machine_id": ""
          },
          "sensitive_attributes": [],
          "private": "eyJlMmJmYjczMC1lY2FhLTExZTYtOGY4OC0zNDM2M2JjN2M0YzAiOnsiY3JlYXRlIjoxODAwMDAwMDAwMDAwLCJkZWxldGUiOjE4MDAwMDAwMDAwMDAsInJlYWQiOjMwMDAwMDAwMDAwMCwidXBkYXRlIjoxODAwMDAwMDAwMDAwfX0=",
          "dependencies": [
            "azurerm_subnet.internal",
            "azurerm_virtual_network.main",
            "data.azurerm_resource_group.main"
          ]
        }
      ]
    },
    {
      "mode": "managed",
      "type": "azurerm_network_security_group",
      "name": "vmss-nsg",
      "provider": "provider[\"registry.terraform.io/hashicorp/azurerm\"]",
      "instances": [
        {
          "schema_version": 0,
          "attributes": {
            "id": "/subscriptions/bb07494f-11d6-4bb1-9f3c-10e0408e757b/resourceGroups/udacity-devops/providers/Microsoft.Network/networkSecurityGroups/udacity-devops-nsg",
            "location": "eastus",
            "name": "udacity-devops-nsg",
            "resource_group_name": "udacity-devops",
            "security_rule": [],
            "tags": {
              "userTaggedValue": "udacity"
            },
            "timeouts": null
          },
          "sensitive_attributes": [],
          "private": "eyJlMmJmYjczMC1lY2FhLTExZTYtOGY4OC0zNDM2M2JjN2M0YzAiOnsiY3JlYXRlIjoxODAwMDAwMDAwMDAwLCJkZWxldGUiOjE4MDAwMDAwMDAwMDAsInJlYWQiOjMwMDAwMDAwMDAwMCwidXBkYXRlIjoxODAwMDAwMDAwMDAwfX0=",
          "dependencies": [
            "data.azurerm_resource_group.main"
          ]
        }
      ]
    },
    {
      "mode": "managed",
      "type": "azurerm_network_security_rule",
      "name": "vmss_allow_access_to_other_vms",
      "provider": "provider[\"registry.terraform.io/hashicorp/azurerm\"]",
      "instances": [
        {
          "schema_version": 0,
          "attributes": {
            "access": "Allow",
            "description": "",
            "destination_address_prefix": "VirtualNetwork",
            "destination_address_prefixes": null,
            "destination_application_security_group_ids": null,
            "destination_port_range": "*",
            "destination_port_ranges": null,
            "direction": "Inbound",
            "id": "/subscriptions/bb07494f-11d6-4bb1-9f3c-10e0408e757b/resourceGroups/udacity-devops/providers/Microsoft.Network/networkSecurityGroups/udacity-devops-nsg/securityRules/AllowAccessToOtherVMs",
            "name": "AllowAccessToOtherVMs",
            "network_security_group_name": "udacity-devops-nsg",
            "priority": 150,
            "protocol": "*",
            "resource_group_name": "udacity-devops",
            "source_address_prefix": "VirtualNetwork",
            "source_address_prefixes": null,
            "source_application_security_group_ids": null,
            "source_port_range": "*",
            "source_port_ranges": null,
            "timeouts": null
          },
          "sensitive_attributes": [],
          "private": "eyJlMmJmYjczMC1lY2FhLTExZTYtOGY4OC0zNDM2M2JjN2M0YzAiOnsiY3JlYXRlIjoxODAwMDAwMDAwMDAwLCJkZWxldGUiOjE4MDAwMDAwMDAwMDAsInJlYWQiOjMwMDAwMDAwMDAwMCwidXBkYXRlIjoxODAwMDAwMDAwMDAwfX0=",
          "dependencies": [
            "azurerm_network_security_group.vmss-nsg",
            "data.azurerm_resource_group.main"
          ]
        }
      ]
    },
    {
      "mode": "managed",
      "type": "azurerm_network_security_rule",
      "name": "vmss_deny_from_internet",
      "provider": "provider[\"registry.terraform.io/hashicorp/azurerm\"]",
      "instances": [
        {
          "schema_version": 0,
          "attributes": {
            "access": "Deny",
            "description": "",
            "destination_address_prefix": "Internet",
            "destination_address_prefixes": null,
            "destination_application_security_group_ids": null,
            "destination_port_range": "*",
            "destination_port_ranges": null,
            "direction": "Inbound",
            "id": "/subscriptions/bb07494f-11d6-4bb1-9f3c-10e0408e757b/resourceGroups/udacity-devops/providers/Microsoft.Network/networkSecurityGroups/udacity-devops-nsg/securityRules/DenyDirectAccessFromInternet",
            "name": "DenyDirectAccessFromInternet",
            "network_security_group_name": "udacity-devops-nsg",
            "priority": 200,
            "protocol": "*",
            "resource_group_name": "udacity-devops",
            "source_address_prefix": "Internet",
            "source_address_prefixes": null,
            "source_application_security_group_ids": null,
            "source_port_range": "*",
            "source_port_ranges": null,
            "timeouts": null
          },
          "sensitive_attributes": [],
          "private": "eyJlMmJmYjczMC1lY2FhLTExZTYtOGY4OC0zNDM2M2JjN2M0YzAiOnsiY3JlYXRlIjoxODAwMDAwMDAwMDAwLCJkZWxldGUiOjE4MDAwMDAwMDAwMDAsInJlYWQiOjMwMDAwMDAwMDAwMCwidXBkYXRlIjoxODAwMDAwMDAwMDAwfX0=",
          "dependencies": [
            "azurerm_network_security_group.vmss-nsg",
            "data.azurerm_resource_group.main"
          ]
        }
      ]
    },
    {
      "mode": "managed",
      "type": "azurerm_public_ip",
      "name": "public_ip",
      "provider": "provider[\"registry.terraform.io/hashicorp/azurerm\"]",
      "instances": [
        {
          "schema_version": 0,
          "attributes": {
            "allocation_method": "Static",
            "ddos_protection_mode": "VirtualNetworkInherited",
            "ddos_protection_plan_id": null,
            "domain_name_label": null,
            "edge_zone": "",
            "fqdn": null,
            "id": "/subscriptions/bb07494f-11d6-4bb1-9f3c-10e0408e757b/resourceGroups/udacity-devops/providers/Microsoft.Network/publicIPAddresses/vmss-public-ip",
            "idle_timeout_in_minutes": 4,
            "ip_address": "52.226.126.63",
            "ip_tags": null,
            "ip_version": "IPv4",
            "location": "eastus",
            "name": "vmss-public-ip",
            "public_ip_prefix_id": null,
            "resource_group_name": "udacity-devops",
            "reverse_fqdn": null,
            "sku": "Basic",
            "sku_tier": "Regional",
            "tags": {
              "userTaggedValue": "udacity"
            },
            "timeouts": null,
            "zones": null
          },
          "sensitive_attributes": [],
          "private": "eyJlMmJmYjczMC1lY2FhLTExZTYtOGY4OC0zNDM2M2JjN2M0YzAiOnsiY3JlYXRlIjoxODAwMDAwMDAwMDAwLCJkZWxldGUiOjE4MDAwMDAwMDAwMDAsInJlYWQiOjMwMDAwMDAwMDAwMCwidXBkYXRlIjoxODAwMDAwMDAwMDAwfX0=",
          "dependencies": [
            "data.azurerm_resource_group.main"
          ]
        }
      ]
    },
    {
      "mode": "managed",
      "type": "azurerm_subnet",
      "name": "internal",
      "provider": "provider[\"registry.terraform.io/hashicorp/azurerm\"]",
      "instances": [
        {
          "schema_version": 0,
          "attributes": {
            "address_prefixes": [
              "10.0.2.0/24"
            ],
            "delegation": [],
            "enforce_private_link_endpoint_network_policies": false,
            "enforce_private_link_service_network_policies": false,
            "id": "/subscriptions/bb07494f-11d6-4bb1-9f3c-10e0408e757b/resourceGroups/udacity-devops/providers/Microsoft.Network/virtualNetworks/udacity-devops-network/subnets/internal",
            "name": "internal",
            "private_endpoint_network_policies_enabled": true,
            "private_link_service_network_policies_enabled": true,
            "resource_group_name": "udacity-devops",
            "service_endpoint_policy_ids": null,
            "service_endpoints": null,
            "timeouts": null,
            "virtual_network_name": "udacity-devops-network"
          },
          "sensitive_attributes": [],
          "private": "eyJlMmJmYjczMC1lY2FhLTExZTYtOGY4OC0zNDM2M2JjN2M0YzAiOnsiY3JlYXRlIjoxODAwMDAwMDAwMDAwLCJkZWxldGUiOjE4MDAwMDAwMDAwMDAsInJlYWQiOjMwMDAwMDAwMDAwMCwidXBkYXRlIjoxODAwMDAwMDAwMDAwfX0=",
          "dependencies": [
            "azurerm_virtual_network.main",
            "data.azurerm_resource_group.main"
          ]
        }
      ]
    },
    {
      "mode": "managed",
      "type": "azurerm_virtual_network",
      "name": "main",
      "provider": "provider[\"registry.terraform.io/hashicorp/azurerm\"]",
      "instances": [
        {
          "schema_version": 0,
          "attributes": {
            "address_space": [
              "10.0.0.0/16"
            ],
            "bgp_community": "",
            "ddos_protection_plan": [],
            "dns_servers": [],
            "edge_zone": "",
            "encryption": [],
            "flow_timeout_in_minutes": 0,
            "guid": "1e6c5a3f-6fb6-4e1f-a252-ba6b654a1109",
            "id": "/subscriptions/bb07494f-11d6-4bb1-9f3c-10e0408e757b/resourceGroups/udacity-devops/providers/Microsoft.Network/virtualNetworks/udacity-devops-network",
            "location": "eastus",
            "name": "udacity-devops-network",
            "resource_group_name": "udacity-devops",
            "subnet": [],
            "tags": {
              "userTaggedValue": "udacity"
            },
            "timeouts": null
          },
          "sensitive_attributes": [],
          "private": "eyJlMmJmYjczMC1lY2FhLTExZTYtOGY4OC0zNDM2M2JjN2M0YzAiOnsiY3JlYXRlIjoxODAwMDAwMDAwMDAwLCJkZWxldGUiOjE4MDAwMDAwMDAwMDAsInJlYWQiOjMwMDAwMDAwMDAwMCwidXBkYXRlIjoxODAwMDAwMDAwMDAwfX0=",
          "dependencies": [
            "data.azurerm_resource_group.main"
          ]
        }
      ]
    },
    {
      "mode": "managed",
      "type": "tls_private_key",
      "name": "vm_ssh",
      "provider": "provider[\"registry.terraform.io/hashicorp/tls\"]",
      "instances": [
        {
          "schema_version": 1,
          "attributes": {
            "algorithm": "RSA",
            "ecdsa_curve": "P224",
            "id": "cc1f036b170ebdcc2d96b3015b9f1d5e4626fd54",
            "private_key_openssh": "-----BEGIN OPENSSH PRIVATE KEY-----\nb3BlbnNzaC1rZXktdjEAAAAABG5vbmUAAAAEbm9uZQAAAAAAAAABAAACFwAAAAdz\nc2gtcnNhAAAAAwEAAQAAAgEA2eCZozNnfR/Kabwrzv8hkXsidYQVmvnMrHlKu9dy\nWHG5Mt4aeKKoS2POUpr3dReY40xupETDi7mcMbeFC6y6Censi3c1YSnptMSMowtz\nic0ujR84eXkN2CfgwGHUhE681gKSyeiFrv72r1QqYGKd+W1CdGgNHqI2O2TkbHU7\nmpouXGHX6Hhuq+WWf1MKoBCuYVbx0BAaRu94oMzK81S/bzpJ0LuEKQ/jBrOvcu3/\nJG48/D20MpJZYrZIRilmB08N2rqyIcJNyh6X7sc9Zzgg94k6DKjdpYASyeLHsPg6\nYsMXMycArJ9B1VJd9ceKDPGMulxgnxOhY0mRg1tf5kPQ/omq/qRA9KSfDy15w4CX\n55YngEeaPjOzQdkn35SG1wNUpzfyPjyz5bJk4ZHojrkjDLm8gdbOcscsFkIyHOlj\n48uv81egE+v5n3Fsv6mPy8UBunqgb+Q0AbKhAsfq9R2mZYf2nhRuO83Y3ArhGnkc\nRegc97KV+gyics30PI4A8VyEBkol47NSeCibvIvR6JHxJ/ctFauRYpGhWYgbr3FM\nRfoWUzlmtHqhDhu2H+uqdYyo6mDkQe60p02RZh7S98W7r+mnyp6aOm5HEnoMUUyL\nv76g73wE5+TSEm1jsFAxufA+mHyoFKFV7U7wKaYk5MvnN4UCAueqo5ddmf2eYl7/\nmVcAAAc4y5iFDsuYhQ4AAAAHc3NoLXJzYQAAAgEA2eCZozNnfR/Kabwrzv8hkXsi\ndYQVmvnMrHlKu9dyWHG5Mt4aeKKoS2POUpr3dReY40xupETDi7mcMbeFC6y6Cens\ni3c1YSnptMSMowtzic0ujR84eXkN2CfgwGHUhE681gKSyeiFrv72r1QqYGKd+W1C\ndGgNHqI2O2TkbHU7mpouXGHX6Hhuq+WWf1MKoBCuYVbx0BAaRu94oMzK81S/bzpJ\n0LuEKQ/jBrOvcu3/JG48/D20MpJZYrZIRilmB08N2rqyIcJNyh6X7sc9Zzgg94k6\nDKjdpYASyeLHsPg6YsMXMycArJ9B1VJd9ceKDPGMulxgnxOhY0mRg1tf5kPQ/omq\n/qRA9KSfDy15w4CX55YngEeaPjOzQdkn35SG1wNUpzfyPjyz5bJk4ZHojrkjDLm8\ngdbOcscsFkIyHOlj48uv81egE+v5n3Fsv6mPy8UBunqgb+Q0AbKhAsfq9R2mZYf2\nnhRuO83Y3ArhGnkcRegc97KV+gyics30PI4A8VyEBkol47NSeCibvIvR6JHxJ/ct\nFauRYpGhWYgbr3FMRfoWUzlmtHqhDhu2H+uqdYyo6mDkQe60p02RZh7S98W7r+mn\nyp6aOm5HEnoMUUyLv76g73wE5+TSEm1jsFAxufA+mHyoFKFV7U7wKaYk5MvnN4UC\nAueqo5ddmf2eYl7/mVcAAAADAQABAAACAHGDzGg0IwoU4x+9s1FwqaujbOuvOpZ4\n6YM+2ooNkPy1m5j+EOqjTG2i/V8acC0oczaRnt+lGACXXuKkTAQuJOt/Xge3vy71\naFcPRHq6P6MfLM7H4mOfh3AELtvs3I1mfIo/4vyhUe0/14S3pDB9kPLgUwxVHejE\n+N5vDXfYiIpfJCJrs9Lh1D9pKcUCnfmRV1lNtEUD7rzgjYexy1eF4wtvYgAHgq7m\nIRFf0txdVV5EtS9yco0apMmCURuE/Cx4qq44MRDXrDHPSLdWRQ6fNsXhUEZCQOC2\nXpOivQnd+oV0QYUcIATQILuk42FnaeyeeQSrloeq8Z3KOa8nj0poMN1Glf7HQ/4v\nI6gGJdolowKxpxoqIgI82H06EP52Ujpguvu8ieJAhdcooTpLbLVm4I7iG5Og/ZWL\nItQO/InP42mdOn7qnDk4OrD/zg5k+GE0svMmHKNu6+FcvcimwCE10mxmuEj6po+T\n4kJsSlpqdxTL4h4XK8x4A/Ef/kMje2E/49Ntj5GePyNBT39iknB+P18P6xGR9lfH\nggF54Sv9uZH38SSaRggI0wtx40AX1acO8aSCmoW65FRYT1+OktXUIw/qfISix1i4\nKLvrc/vSiDtNKNzZL2frn/z7TBdpCQVKppn1eFYwwQHMl43JOf5ZWIIfxJLVEmpa\nKuXBQ3xXJZkxAAABAQDsWHdIO+H32hNGBXk7I6Hr8839Ewahjj2NHZKQIn0/M209\nMvYWAS1Pm1PFjg4G11uPJTHqra5ALIahg7fhveID/u1WcwAm5NbI0FQ/DC9Bna6H\nQa3Ga7QUtXY5teMRKUH59GHNIci/sGaH4ORYE/BL5SX7RhBg1ZlMBnPTe7g1ObcQ\n4k/4yGaWJvM2ffnyS5iq7x0D6PpJ8z1qW7uj7A2veMUAIF/wENA7tzNqxIoejYnn\njI4CqnM9ly9m8R9VWlvsavp6oHipCMFXVl/lKhFuyBxomNvvqWQvPQs1eH10L51r\nax2JA9CMI9c1aUzzLE3gktW5TAKZPNzHA+SwgGuEAAABAQD6bxP7PSSQCoUddL0g\navaW/EsXprTQEN+W+EJm9aloYd5W3KVLlovOpmAWByhf3Gx54YC9YJyxhjnNPKfi\nsP06jokNeaNz3x/BmYcsSyDxf69K2YY1AIuBUe+RdCXo2AYcXbS3yVpTa7jIIDbP\nUqZ5o1igDS3sDrx/TWERaw+ecGtbGzBWZ1GnDsDpEvOVZ3Kh2Rb5FSWFDyF35i7h\nfQu452+HewcU5Qj1hYsk+f+WixqE98tai0gbljCX1J8WMpQjrUHmQIkkCmvpd9sw\nX+04diGZe7zfFk/5pKM2rmAKINFclZTABrqFd8Fj/HY8hhbaFDUFrGE8h8mf4KiE\ns76/AAABAQDeuEgJ8YfbSTgFA6pokGKKXDhKG8uOH9SVMiqo5vsnwzW+4FwVBOlw\nhUkyHPfenjw+XhdqOjKJnY9enpX5ZY2mZmIOgcoVJyrwhw19x53ABV61JofzelNJ\nkcqzdohEEPDY1lr2qtjWfRMydpWb2JuytbxsNkiExQlm3ZhdMJfrsqsgFSK/C/4w\nYLhpxjLymOsWd/bFre0JnmjyjUDP022s+wDKGFhB8OuGAHZ2nlrzfp2OkodoSy0Q\nBR8nxezZqhyfuyCX7nuicNy5j8fpJKneu7Mcd3No8LHGk9K5QfxuSRvDaMKVie3d\ntfVYy1q4JN/q8b5ORt5jGl7/CBxsneNpAAAAAAEC\n-----END OPENSSH PRIVATE KEY-----\n",
            "private_key_pem": "-----BEGIN RSA PRIVATE KEY-----\nMIIJKQIBAAKCAgEA2eCZozNnfR/Kabwrzv8hkXsidYQVmvnMrHlKu9dyWHG5Mt4a\neKKoS2POUpr3dReY40xupETDi7mcMbeFC6y6Censi3c1YSnptMSMowtzic0ujR84\neXkN2CfgwGHUhE681gKSyeiFrv72r1QqYGKd+W1CdGgNHqI2O2TkbHU7mpouXGHX\n6Hhuq+WWf1MKoBCuYVbx0BAaRu94oMzK81S/bzpJ0LuEKQ/jBrOvcu3/JG48/D20\nMpJZYrZIRilmB08N2rqyIcJNyh6X7sc9Zzgg94k6DKjdpYASyeLHsPg6YsMXMycA\nrJ9B1VJd9ceKDPGMulxgnxOhY0mRg1tf5kPQ/omq/qRA9KSfDy15w4CX55YngEea\nPjOzQdkn35SG1wNUpzfyPjyz5bJk4ZHojrkjDLm8gdbOcscsFkIyHOlj48uv81eg\nE+v5n3Fsv6mPy8UBunqgb+Q0AbKhAsfq9R2mZYf2nhRuO83Y3ArhGnkcRegc97KV\n+gyics30PI4A8VyEBkol47NSeCibvIvR6JHxJ/ctFauRYpGhWYgbr3FMRfoWUzlm\ntHqhDhu2H+uqdYyo6mDkQe60p02RZh7S98W7r+mnyp6aOm5HEnoMUUyLv76g73wE\n5+TSEm1jsFAxufA+mHyoFKFV7U7wKaYk5MvnN4UCAueqo5ddmf2eYl7/mVcCAwEA\nAQKCAgBxg8xoNCMKFOMfvbNRcKmro2zrrzqWeOmDPtqKDZD8tZuY/hDqo0xtov1f\nGnAtKHM2kZ7fpRgAl17ipEwELiTrf14Ht78u9WhXD0R6uj+jHyzOx+Jjn4dwBC7b\n7NyNZnyKP+L8oVHtP9eEt6QwfZDy4FMMVR3oxPjebw132IiKXyQia7PS4dQ/aSnF\nAp35kVdZTbRFA+684I2HsctXheMLb2IAB4Ku5iERX9LcXVVeRLUvcnKNGqTJglEb\nhPwseKquODEQ16wxz0i3VkUOnzbF4VBGQkDgtl6Tor0J3fqFdEGFHCAE0CC7pONh\nZ2nsnnkEq5aHqvGdyjmvJ49KaDDdRpX+x0P+LyOoBiXaJaMCsacaKiICPNh9OhD+\ndlI6YLr7vIniQIXXKKE6S2y1ZuCO4huToP2ViyLUDvyJz+NpnTp+6pw5ODqw/84O\nZPhhNLLzJhyjbuvhXL3IpsAhNdJsZrhI+qaPk+JCbEpaancUy+IeFyvMeAPxH/5D\nI3thP+PTbY+Rnj8jQU9/YpJwfj9fD+sRkfZXx4IBeeEr/bmR9/EkmkYICNMLceNA\nF9WnDvGkgpqFuuRUWE9fjpLV1CMP6nyEosdYuCi763P70og7TSjc2S9n65/8+0wX\naQkFSqaZ9XhWMMEBzJeNyTn+WViCH8SS1RJqWirlwUN8VyWZMQKCAQEA+m8T+z0k\nkAqFHXS9IGr2lvxLF6a00BDflvhCZvWpaGHeVtylS5aLzqZgFgcoX9xseeGAvWCc\nsYY5zTyn4rD9Oo6JDXmjc98fwZmHLEsg8X+vStmGNQCLgVHvkXQl6NgGHF20t8la\nU2u4yCA2z1KmeaNYoA0t7A68f01hEWsPnnBrWxswVmdRpw7A6RLzlWdyodkW+RUl\nhQ8hd+Yu4X0LuOdvh3sHFOUI9YWLJPn/losahPfLWotIG5Ywl9SfFjKUI61B5kCJ\nJApr6XfbMF/tOHYhmXu83xZP+aSjNq5gCiDRXJWUwAa6hXfBY/x2PIYW2hQ1Baxh\nPIfJn+CohLO+vwKCAQEA3rhICfGH20k4BQOqaJBiilw4ShvLjh/UlTIqqOb7J8M1\nvuBcFQTpcIVJMhz33p48Pl4XajoyiZ2PXp6V+WWNpmZiDoHKFScq8IcNfcedwAVe\ntSaH83pTSZHKs3aIRBDw2NZa9qrY1n0TMnaVm9ibsrW8bDZIhMUJZt2YXTCX67Kr\nIBUivwv+MGC4acYy8pjrFnf2xa3tCZ5o8o1Az9NtrPsAyhhYQfDrhgB2dp5a836d\njpKHaEstEAUfJ8Xs2aocn7sgl+57onDcuY/H6SSp3ruzHHdzaPCxxpPSuUH8bkkb\nw2jClYnt3bX1WMtauCTf6vG+TkbeYxpe/wgcbJ3jaQKCAQEAg4Yg1VsIP8n2nUC5\nLzRd62/3NCWuYnPqKYyaux4b6aE0tyPMgAVBybchUZBSyP2nzt760PrTcHyRENPh\nTDIt3DoNipEuoeU19WRfVIjkdVDczA+v51gw7CsPCbIZUs9Zbj5ccgWCtbsmYZxh\njMLYgZujKPOjAY2/u4/1AcPbgReDmmaOHWLHxFgAQqhcW0PoNU4hPZG4kcgfiKvQ\nRUZ6CJMrxNh9IKEk8mU/bZ0KeZL2y4ykNRpfNXXMcYEOSAcqPA57RKTyIYaDpCr5\nZ8+Jc5S/Eq+kwvkh6Xdo7IfqEoenzNsWMz+VaBE79PobUrANgl0Id8FPlA2we5Hu\njzsjWwKCAQAOXk0ndxGQsBSRHj9sJ4Rz8KchANINBTitt2LRKrWhRxK8kbTfFkYJ\nIFAsj3nePs8cJu3TyJViE2wgapK6WDbfOVOyI+Vpn/FBOzU/nBUtQitt/GJg7s9Y\nu7McCNWZro4bLxkHONZsX/1REB1uxHam/Np/ELF0/1Ev9bPSr0PdzNUFaNepA5kO\nfe7nxAWdaQghlvOwpRvZtwKGQ16fCcDVnAvc/d0Tw/st1fHOjUDI3K5FeGaL7+2k\nTvBHnJk/IZ5fH69mndgUDrvurLv06oya9fkEKSCk8IJHkVnS4dLrOoQ0Axoqk49o\n8kg1xkjAAIEBoz7nxeKq+hSO13Md/sGhAoIBAQDsWHdIO+H32hNGBXk7I6Hr8839\nEwahjj2NHZKQIn0/M209MvYWAS1Pm1PFjg4G11uPJTHqra5ALIahg7fhveID/u1W\ncwAm5NbI0FQ/DC9Bna6HQa3Ga7QUtXY5teMRKUH59GHNIci/sGaH4ORYE/BL5SX7\nRhBg1ZlMBnPTe7g1ObcQ4k/4yGaWJvM2ffnyS5iq7x0D6PpJ8z1qW7uj7A2veMUA\nIF/wENA7tzNqxIoejYnnjI4CqnM9ly9m8R9VWlvsavp6oHipCMFXVl/lKhFuyBxo\nmNvvqWQvPQs1eH10L51rax2JA9CMI9c1aUzzLE3gktW5TAKZPNzHA+SwgGuE\n-----END RSA PRIVATE KEY-----\n",
            "private_key_pem_pkcs8": "-----BEGIN PRIVATE KEY-----\nMIIJQwIBADANBgkqhkiG9w0BAQEFAASCCS0wggkpAgEAAoICAQDZ4JmjM2d9H8pp\nvCvO/yGReyJ1hBWa+cyseUq713JYcbky3hp4oqhLY85Smvd1F5jjTG6kRMOLuZwx\nt4ULrLoJ6eyLdzVhKem0xIyjC3OJzS6NHzh5eQ3YJ+DAYdSETrzWApLJ6IWu/vav\nVCpgYp35bUJ0aA0eojY7ZORsdTuami5cYdfoeG6r5ZZ/UwqgEK5hVvHQEBpG73ig\nzMrzVL9vOknQu4QpD+MGs69y7f8kbjz8PbQykllitkhGKWYHTw3aurIhwk3KHpfu\nxz1nOCD3iToMqN2lgBLJ4sew+DpiwxczJwCsn0HVUl31x4oM8Yy6XGCfE6FjSZGD\nW1/mQ9D+iar+pED0pJ8PLXnDgJfnlieAR5o+M7NB2SfflIbXA1SnN/I+PLPlsmTh\nkeiOuSMMubyB1s5yxywWQjIc6WPjy6/zV6AT6/mfcWy/qY/LxQG6eqBv5DQBsqEC\nx+r1HaZlh/aeFG47zdjcCuEaeRxF6Bz3spX6DKJyzfQ8jgDxXIQGSiXjs1J4KJu8\ni9HokfEn9y0Vq5FikaFZiBuvcUxF+hZTOWa0eqEOG7Yf66p1jKjqYORB7rSnTZFm\nHtL3xbuv6afKnpo6bkcSegxRTIu/vqDvfATn5NISbWOwUDG58D6YfKgUoVXtTvAp\npiTky+c3hQIC56qjl12Z/Z5iXv+ZVwIDAQABAoICAHGDzGg0IwoU4x+9s1Fwqauj\nbOuvOpZ46YM+2ooNkPy1m5j+EOqjTG2i/V8acC0oczaRnt+lGACXXuKkTAQuJOt/\nXge3vy71aFcPRHq6P6MfLM7H4mOfh3AELtvs3I1mfIo/4vyhUe0/14S3pDB9kPLg\nUwxVHejE+N5vDXfYiIpfJCJrs9Lh1D9pKcUCnfmRV1lNtEUD7rzgjYexy1eF4wtv\nYgAHgq7mIRFf0txdVV5EtS9yco0apMmCURuE/Cx4qq44MRDXrDHPSLdWRQ6fNsXh\nUEZCQOC2XpOivQnd+oV0QYUcIATQILuk42FnaeyeeQSrloeq8Z3KOa8nj0poMN1G\nlf7HQ/4vI6gGJdolowKxpxoqIgI82H06EP52Ujpguvu8ieJAhdcooTpLbLVm4I7i\nG5Og/ZWLItQO/InP42mdOn7qnDk4OrD/zg5k+GE0svMmHKNu6+FcvcimwCE10mxm\nuEj6po+T4kJsSlpqdxTL4h4XK8x4A/Ef/kMje2E/49Ntj5GePyNBT39iknB+P18P\n6xGR9lfHggF54Sv9uZH38SSaRggI0wtx40AX1acO8aSCmoW65FRYT1+OktXUIw/q\nfISix1i4KLvrc/vSiDtNKNzZL2frn/z7TBdpCQVKppn1eFYwwQHMl43JOf5ZWIIf\nxJLVEmpaKuXBQ3xXJZkxAoIBAQD6bxP7PSSQCoUddL0gavaW/EsXprTQEN+W+EJm\n9aloYd5W3KVLlovOpmAWByhf3Gx54YC9YJyxhjnNPKfisP06jokNeaNz3x/BmYcs\nSyDxf69K2YY1AIuBUe+RdCXo2AYcXbS3yVpTa7jIIDbPUqZ5o1igDS3sDrx/TWER\naw+ecGtbGzBWZ1GnDsDpEvOVZ3Kh2Rb5FSWFDyF35i7hfQu452+HewcU5Qj1hYsk\n+f+WixqE98tai0gbljCX1J8WMpQjrUHmQIkkCmvpd9swX+04diGZe7zfFk/5pKM2\nrmAKINFclZTABrqFd8Fj/HY8hhbaFDUFrGE8h8mf4KiEs76/AoIBAQDeuEgJ8Yfb\nSTgFA6pokGKKXDhKG8uOH9SVMiqo5vsnwzW+4FwVBOlwhUkyHPfenjw+XhdqOjKJ\nnY9enpX5ZY2mZmIOgcoVJyrwhw19x53ABV61JofzelNJkcqzdohEEPDY1lr2qtjW\nfRMydpWb2JuytbxsNkiExQlm3ZhdMJfrsqsgFSK/C/4wYLhpxjLymOsWd/bFre0J\nnmjyjUDP022s+wDKGFhB8OuGAHZ2nlrzfp2OkodoSy0QBR8nxezZqhyfuyCX7nui\ncNy5j8fpJKneu7Mcd3No8LHGk9K5QfxuSRvDaMKVie3dtfVYy1q4JN/q8b5ORt5j\nGl7/CBxsneNpAoIBAQCDhiDVWwg/yfadQLkvNF3rb/c0Ja5ic+opjJq7HhvpoTS3\nI8yABUHJtyFRkFLI/afO3vrQ+tNwfJEQ0+FMMi3cOg2KkS6h5TX1ZF9UiOR1UNzM\nD6/nWDDsKw8JshlSz1luPlxyBYK1uyZhnGGMwtiBm6Mo86MBjb+7j/UBw9uBF4Oa\nZo4dYsfEWABCqFxbQ+g1TiE9kbiRyB+Iq9BFRnoIkyvE2H0goSTyZT9tnQp5kvbL\njKQ1Gl81dcxxgQ5IByo8DntEpPIhhoOkKvlnz4lzlL8Sr6TC+SHpd2jsh+oSh6fM\n2xYzP5VoETv0+htSsA2CXQh3wU+UDbB7ke6POyNbAoIBAA5eTSd3EZCwFJEeP2wn\nhHPwpyEA0g0FOK23YtEqtaFHEryRtN8WRgkgUCyPed4+zxwm7dPIlWITbCBqkrpY\nNt85U7Ij5Wmf8UE7NT+cFS1CK238YmDuz1i7sxwI1ZmujhsvGQc41mxf/VEQHW7E\ndqb82n8QsXT/US/1s9KvQ93M1QVo16kDmQ597ufEBZ1pCCGW87ClG9m3AoZDXp8J\nwNWcC9z93RPD+y3V8c6NQMjcrkV4Zovv7aRO8EecmT8hnl8fr2ad2BQOu+6su/Tq\njJr1+QQpIKTwgkeRWdLh0us6hDQDGiqTj2jySDXGSMAAgQGjPufF4qr6FI7Xcx3+\nwaECggEBAOxYd0g74ffaE0YFeTsjoevzzf0TBqGOPY0dkpAifT8zbT0y9hYBLU+b\nU8WODgbXW48lMeqtrkAshqGDt+G94gP+7VZzACbk1sjQVD8ML0GdrodBrcZrtBS1\ndjm14xEpQfn0Yc0hyL+wZofg5FgT8EvlJftGEGDVmUwGc9N7uDU5txDiT/jIZpYm\n8zZ9+fJLmKrvHQPo+knzPWpbu6PsDa94xQAgX/AQ0Du3M2rEih6NieeMjgKqcz2X\nL2bxH1VaW+xq+nqgeKkIwVdWX+UqEW7IHGiY2++pZC89CzV4fXQvnWtrHYkD0Iwj\n1zVpTPMsTeCS1blMApk83McD5LCAa4Q=\n-----END PRIVATE KEY-----\n",
            "public_key_fingerprint_md5": "29:c3:8b:5f:04:c4:ad:88:6a:6f:b2:02:bc:b6:96:b5",
            "public_key_fingerprint_sha256": "SHA256:04D8BrkF+s7HizQfxL4IlSCyMWjKanRoyZrTWu0DVYw",
            "public_key_openssh": "ssh-rsa AAAAB3NzaC1yc2EAAAADAQABAAACAQDZ4JmjM2d9H8ppvCvO/yGReyJ1hBWa+cyseUq713JYcbky3hp4oqhLY85Smvd1F5jjTG6kRMOLuZwxt4ULrLoJ6eyLdzVhKem0xIyjC3OJzS6NHzh5eQ3YJ+DAYdSETrzWApLJ6IWu/vavVCpgYp35bUJ0aA0eojY7ZORsdTuami5cYdfoeG6r5ZZ/UwqgEK5hVvHQEBpG73igzMrzVL9vOknQu4QpD+MGs69y7f8kbjz8PbQykllitkhGKWYHTw3aurIhwk3KHpfuxz1nOCD3iToMqN2lgBLJ4sew+DpiwxczJwCsn0HVUl31x4oM8Yy6XGCfE6FjSZGDW1/mQ9D+iar+pED0pJ8PLXnDgJfnlieAR5o+M7NB2SfflIbXA1SnN/I+PLPlsmThkeiOuSMMubyB1s5yxywWQjIc6WPjy6/zV6AT6/mfcWy/qY/LxQG6eqBv5DQBsqECx+r1HaZlh/aeFG47zdjcCuEaeRxF6Bz3spX6DKJyzfQ8jgDxXIQGSiXjs1J4KJu8i9HokfEn9y0Vq5FikaFZiBuvcUxF+hZTOWa0eqEOG7Yf66p1jKjqYORB7rSnTZFmHtL3xbuv6afKnpo6bkcSegxRTIu/vqDvfATn5NISbWOwUDG58D6YfKgUoVXtTvAppiTky+c3hQIC56qjl12Z/Z5iXv+ZVw==\n",
            "public_key_pem": "-----BEGIN PUBLIC KEY-----\nMIICIjANBgkqhkiG9w0BAQEFAAOCAg8AMIICCgKCAgEA2eCZozNnfR/Kabwrzv8h\nkXsidYQVmvnMrHlKu9dyWHG5Mt4aeKKoS2POUpr3dReY40xupETDi7mcMbeFC6y6\nCensi3c1YSnptMSMowtzic0ujR84eXkN2CfgwGHUhE681gKSyeiFrv72r1QqYGKd\n+W1CdGgNHqI2O2TkbHU7mpouXGHX6Hhuq+WWf1MKoBCuYVbx0BAaRu94oMzK81S/\nbzpJ0LuEKQ/jBrOvcu3/JG48/D20MpJZYrZIRilmB08N2rqyIcJNyh6X7sc9Zzgg\n94k6DKjdpYASyeLHsPg6YsMXMycArJ9B1VJd9ceKDPGMulxgnxOhY0mRg1tf5kPQ\n/omq/qRA9KSfDy15w4CX55YngEeaPjOzQdkn35SG1wNUpzfyPjyz5bJk4ZHojrkj\nDLm8gdbOcscsFkIyHOlj48uv81egE+v5n3Fsv6mPy8UBunqgb+Q0AbKhAsfq9R2m\nZYf2nhRuO83Y3ArhGnkcRegc97KV+gyics30PI4A8VyEBkol47NSeCibvIvR6JHx\nJ/ctFauRYpGhWYgbr3FMRfoWUzlmtHqhDhu2H+uqdYyo6mDkQe60p02RZh7S98W7\nr+mnyp6aOm5HEnoMUUyLv76g73wE5+TSEm1jsFAxufA+mHyoFKFV7U7wKaYk5Mvn\nN4UCAueqo5ddmf2eYl7/mVcCAwEAAQ==\n-----END PUBLIC KEY-----\n",
            "rsa_bits": 4096
          },
          "sensitive_attributes": []
        }
      ]
    }
  ],
  "check_results": [
    {
      "object_kind": "var",
      "config_addr": "var.vm_count",
      "status": "pass",
      "objects": [
        {
          "object_addr": "var.vm_count",
          "status": "pass"
        }
      ]
    }
  ]
}
